
Microsoft Visual Studio Solution File, Format Version 12.00
# Visual Studio Version 17
VisualStudioVersion = 17.9.34728.123
MinimumVisualStudioVersion = 10.0.40219.1
Project("{FAE04EC0-301F-11D3-BF4B-00C04F79EFBC}") = "BookSIte", "BookSIte\BookSIte.csproj", "{8CA4CEA1-D2D4-4400-A1E8-F3762B56417D}"
EndProject
Global
	GlobalSection(SolutionConfigurationPlatforms) = preSolution
		Debug|Any CPU = Debug|Any CPU
		Release|Any CPU = Release|Any CPU
	EndGlobalSection
	GlobalSection(ProjectConfigurationPlatforms) = postSolution
		{8CA4CEA1-D2D4-4400-A1E8-F3762B56417D}.Debug|Any CPU.ActiveCfg = Debug|Any CPU
		{8CA4CEA1-D2D4-4400-A1E8-F3762B56417D}.Debug|Any CPU.Build.0 = Debug|Any CPU
		{8CA4CEA1-D2D4-4400-A1E8-F3762B56417D}.Release|Any CPU.ActiveCfg = Release|Any CPU
		{8CA4CEA1-D2D4-4400-A1E8-F3762B56417D}.Release|Any CPU.Build.0 = Release|Any CPU
	EndGlobalSection
	GlobalSection(SolutionProperties) = preSolution
		HideSolutionNode = FALSE
	EndGlobalSection
	GlobalSection(ExtensibilityGlobals) = postSolution
		SolutionGuid = {2B70C9E4-2277-4BD5-8DB4-C33474683E52}
	EndGlobalSection
EndGlobal
